PODS:
  - CryptoSwift (0.10.0)
  - ERNiftyExtensions (3.2.5):
    - CryptoSwift

DEPENDENCIES:
  - ERNiftyExtensions (from `../`)

SPEC REPOS:
  https://github.com/cocoapods/specs.git:
    - CryptoSwift

EXTERNAL SOURCES:
  ERNiftyExtensions:
    :path: "../"

SPEC CHECKSUMS:
  CryptoSwift: 6c778d69282bed3b4e975ff97a79d074f20bb011
  ERNiftyExtensions: b31096dbb537fce76b4dca355f15f022154afd0b

PODFILE CHECKSUM: 596ab9fa05227ae8f655c61814f610afbbf7d656

COCOAPODS: 1.5.3
