PODS:
  - CryptoSwift (0.9.0)
  - ERNiftyExtensions (3.2.6):
    - CryptoSwift (= 0.9.0)

DEPENDENCIES:
  - ERNiftyExtensions (from `../`)

SPEC REPOS:
  https://github.com/cocoapods/specs.git:
    - CryptoSwift

EXTERNAL SOURCES:
  ERNiftyExtensions:
    :path: "../"

SPEC CHECKSUMS:
  CryptoSwift: bca8c5b653dcc2d9734409242a070ff53bafac86
  ERNiftyExtensions: debca64ad9f5e5052909cbdc0b37ff77ec1508f4

PODFILE CHECKSUM: 596ab9fa05227ae8f655c61814f610afbbf7d656

COCOAPODS: 1.5.3
